// !$*UTF8*$!
{
	archiveVersion = 1;
	classes = {
	};
	objectVersion = 77;
	objects = {

/* Begin PBXContainerItemProxy section */
		BC7B84D32E134DCC00BEB3F1 /* PBXContainerItemProxy */ = {
			isa = PBXContainerItemProxy;
			containerPortal = BC7B84BC2E134DCA00BEB3F1 /* Project object */;
			proxyType = 1;
			remoteGlobalIDString = BC7B84C32E134DCA00BEB3F1;
			remoteInfo = Nasa_Astronomy;
		};
		BC7B84DD2E134DCC00BEB3F1 /* PBXContainerItemProxy */ = {
			isa = PBXContainerItemProxy;
			containerPortal = BC7B84BC2E134DCA00BEB3F1 /* Project object */;
			proxyType = 1;
			remoteGlobalIDString = BC7B84C32E134DCA00BEB3F1;
			remoteInfo = Nasa_Astronomy;
		};
/* End PBXContainerItemProxy section */

/* Begin PBXFileReference section */
		BC7B84C42E134DCA00BEB3F1 /* Nasa_Astronomy.app */ = {isa = PBXFileReference; explicitFileType = wrapper.application; includeInIndex = 0; path = Nasa_Astronomy.app; sourceTree = BUILT_PRODUCTS_DIR; };
		BC7B84D22E134DCC00BEB3F1 /* Nasa_AstronomyTests.xctest */ = {isa = PBXFileReference; explicitFileType = wrapper.cfbundle; includeInIndex = 0; path = Nasa_AstronomyTests.xctest; sourceTree = BUILT_PRODUCTS_DIR; };
		BC7B84DC2E134DCC00BEB3F1 /* Nasa_AstronomyUITests.xctest */ = {isa = PBXFileReference; explicitFileType = wrapper.cfbundle; includeInIndex = 0; path = Nasa_AstronomyUITests.xctest; sourceTree = BUILT_PRODUCTS_DIR; };
/* End PBXFileReference section */

/* Begin PBXFileSystemSynchronizedBuildFileExceptionSet section */
		BC6CD6272E18FF97006D7B16 /* Exceptions for "Nasa_Astronomy" folder in "Nasa_Astronomy" target */ = {
			isa = PBXFileSystemSynchronizedBuildFileExceptionSet;
			membershipExceptions = (
				"Network/Resources/GetSelectedDateMock+video.json",
			);
			target = BC7B84C32E134DCA00BEB3F1 /* Nasa_Astronomy */;
		};
/* End PBXFileSystemSynchronizedBuildFileExceptionSet section */

/* Begin PBXFileSystemSynchronizedGroupBuildPhaseMembershipExceptionSet section */
		BC6CD6282E18FF97006D7B16 /* Exceptions for "Nasa_Astronomy" folder in "Compile Sources" phase from "Nasa_Astronomy" target */ = {
			isa = PBXFileSystemSynchronizedGroupBuildPhaseMembershipExceptionSet;
			buildPhase = BC7B84C02E134DCA00BEB3F1 /* Sources */;
			membershipExceptions = (
				"Network/Resources/GetSelectedDateMock+video.json",
			);
		};
/* End PBXFileSystemSynchronizedGroupBuildPhaseMembershipExceptionSet section */

/* Begin PBXFileSystemSynchronizedRootGroup section */
		BC7B84C62E134DCA00BEB3F1 /* Nasa_Astronomy */ = {
			isa = PBXFileSystemSynchronizedRootGroup;
			exceptions = (
				BC6CD6272E18FF97006D7B16 /* Exceptions for "Nasa_Astronomy" folder in "Nasa_Astronomy" target */,
				BC6CD6282E18FF97006D7B16 /* Exceptions for "Nasa_Astronomy" folder in "Compile Sources" phase from "Nasa_Astronomy" target */,
			);
			path = Nasa_Astronomy;
			sourceTree = "<group>";
		};
		BC7B84D52E134DCC00BEB3F1 /* Nasa_AstronomyTests */ = {
			isa = PBXFileSystemSynchronizedRootGroup;
			path = Nasa_AstronomyTests;
			sourceTree = "<group>";
		};
		BC7B84DF2E134DCC00BEB3F1 /* Nasa_AstronomyUITests */ = {
			isa = PBXFileSystemSynchronizedRootGroup;
			path = Nasa_AstronomyUITests;
			sourceTree = "<group>";
		};
/* End PBXFileSystemSynchronizedRootGroup section */

/* Begin PBXFrameworksBuildPhase section */
		BC7B84C12E134DCA00BEB3F1 /* Frameworks */ = {
			isa = PBXFrameworksBuildPhase;
			buildActionMask = 2147483647;
			files = (
			);
			runOnlyForDeploymentPostprocessing = 0;
		};
		BC7B84CF2E134DCC00BEB3F1 /* Frameworks */ = {
			isa = PBXFrameworksBuildPhase;
			buildActionMask = 2147483647;
			files = (
			);
			runOnlyForDeploymentPostprocessing = 0;
		};
		BC7B84D92E134DCC00BEB3F1 /* Frameworks */ = {
			isa = PBXFrameworksBuildPhase;
			buildActionMask = 2147483647;
			files = (
			);
			runOnlyForDeploymentPostprocessing = 0;
		};
/* End PBXFrameworksBuildPhase section */

/* Begin PBXGroup section */
		BC7B84BB2E134DCA00BEB3F1 = {
			isa = PBXGroup;
			children = (
				BC7B84C62E134DCA00BEB3F1 /* Nasa_Astronomy */,
				BC7B84D52E134DCC00BEB3F1 /* Nasa_AstronomyTests */,
				BC7B84DF2E134DCC00BEB3F1 /* Nasa_AstronomyUITests */,
				BC7B84C52E134DCA00BEB3F1 /* Products */,
			);
			sourceTree = "<group>";
		};
		BC7B84C52E134DCA00BEB3F1 /* Products */ = {
			isa = PBXGroup;
			children = (
				BC7B84C42E134DCA00BEB3F1 /* Nasa_Astronomy.app */,
				BC7B84D22E134DCC00BEB3F1 /* Nasa_AstronomyTests.xctest */,
				BC7B84DC2E134DCC00BEB3F1 /* Nasa_AstronomyUITests.xctest */,
			);
			name = Products;
			sourceTree = "<group>";
		};
/* End PBXGroup section */

/* Begin PBXNativeTarget section */
		BC7B84C32E134DCA00BEB3F1 /* Nasa_Astronomy */ = {
			isa = PBXNativeTarget;
			buildConfigurationList = BC7B84E62E134DCC00BEB3F1 /* Build configuration list for PBXNativeTarget "Nasa_Astronomy" */;
			buildPhases = (
				BC7B84C02E134DCA00BEB3F1 /* Sources */,
				BC7B84C12E134DCA00BEB3F1 /* Frameworks */,
				BC7B84C22E134DCA00BEB3F1 /* Resources */,
			);
			buildRules = (
			);
			dependencies = (
			);
			fileSystemSynchronizedGroups = (
				BC7B84C62E134DCA00BEB3F1 /* Nasa_Astronomy */,
			);
			name = Nasa_Astronomy;
			packageProductDependencies = (
			);
			productName = Nasa_Astronomy;
			productReference = BC7B84C42E134DCA00BEB3F1 /* Nasa_Astronomy.app */;
			productType = "com.apple.product-type.application";
		};
		BC7B84D12E134DCC00BEB3F1 /* Nasa_AstronomyTests */ = {
			isa = PBXNativeTarget;
			buildConfigurationList = BC7B84E92E134DCC00BEB3F1 /* Build configuration list for PBXNativeTarget "Nasa_AstronomyTests" */;
			buildPhases = (
				BC7B84CE2E134DCC00BEB3F1 /* Sources */,
				BC7B84CF2E134DCC00BEB3F1 /* Frameworks */,
				BC7B84D02E134DCC00BEB3F1 /* Resources */,
			);
			buildRules = (
			);
			dependencies = (
				BC7B84D42E134DCC00BEB3F1 /* PBXTargetDependency */,
			);
			fileSystemSynchronizedGroups = (
				BC7B84D52E134DCC00BEB3F1 /* Nasa_AstronomyTests */,
			);
			name = Nasa_AstronomyTests;
			packageProductDependencies = (
			);
			productName = Nasa_AstronomyTests;
			productReference = BC7B84D22E134DCC00BEB3F1 /* Nasa_AstronomyTests.xctest */;
			productType = "com.apple.product-type.bundle.unit-test";
		};
		BC7B84DB2E134DCC00BEB3F1 /* Nasa_AstronomyUITests */ = {
			isa = PBXNativeTarget;
			buildConfigurationList = BC7B84EC2E134DCC00BEB3F1 /* Build configuration list for PBXNativeTarget "Nasa_AstronomyUITests" */;
			buildPhases = (
				BC7B84D82E134DCC00BEB3F1 /* Sources */,
				BC7B84D92E134DCC00BEB3F1 /* Frameworks */,
				BC7B84DA2E134DCC00BEB3F1 /* Resources */,
			);
			buildRules = (
			);
			dependencies = (
				BC7B84DE2E134DCC00BEB3F1 /* PBXTargetDependency */,
			);
			fileSystemSynchronizedGroups = (
				BC7B84DF2E134DCC00BEB3F1 /* Nasa_AstronomyUITests */,
			);
			name = Nasa_AstronomyUITests;
			packageProductDependencies = (
			);
			productName = Nasa_AstronomyUITests;
			productReference = BC7B84DC2E134DCC00BEB3F1 /* Nasa_AstronomyUITests.xctest */;
			productType = "com.apple.product-type.bundle.ui-testing";
		};
/* End PBXNativeTarget section */

/* Begin PBXProject section */
		BC7B84BC2E134DCA00BEB3F1 /* Project object */ = {
			isa = PBXProject;
			attributes = {
				BuildIndependentTargetsInParallel = 1;
				LastSwiftUpdateCheck = 1640;
				LastUpgradeCheck = 1640;
				TargetAttributes = {
					BC7B84C32E134DCA00BEB3F1 = {
						CreatedOnToolsVersion = 16.4;
					};
					BC7B84D12E134DCC00BEB3F1 = {
						CreatedOnToolsVersion = 16.4;
						TestTargetID = BC7B84C32E134DCA00BEB3F1;
					};
					BC7B84DB2E134DCC00BEB3F1 = {
						CreatedOnToolsVersion = 16.4;
						TestTargetID = BC7B84C32E134DCA00BEB3F1;
					};
				};
			};
			buildConfigurationList = BC7B84BF2E134DCA00BEB3F1 /* Build configuration list for PBXProject "Nasa_Astronomy" */;
			developmentRegion = en;
			hasScannedForEncodings = 0;
			knownRegions = (
				en,
				Base,
			);
			mainGroup = BC7B84BB2E134DCA00BEB3F1;
			minimizedProjectReferenceProxies = 1;
			preferredProjectObjectVersion = 77;
			productRefGroup = BC7B84C52E134DCA00BEB3F1 /* Products */;
			projectDirPath = "";
			projectRoot = "";
			targets = (
				BC7B84C32E134DCA00BEB3F1 /* Nasa_Astronomy */,
				BC7B84D12E134DCC00BEB3F1 /* Nasa_AstronomyTests */,
				BC7B84DB2E134DCC00BEB3F1 /* Nasa_AstronomyUITests */,
			);
		};
/* End PBXProject section */

/* Begin PBXResourcesBuildPhase section */
		BC7B84C22E134DCA00BEB3F1 /* Resources */ = {
			isa = PBXResourcesBuildPhase;
			buildActionMask = 2147483647;
			files = (
			);
			runOnlyForDeploymentPostprocessing = 0;
		};
		BC7B84D02E134DCC00BEB3F1 /* Resources */ = {
			isa = PBXResourcesBuildPhase;
			buildActionMask = 2147483647;
			files = (
			);
			runOnlyForDeploymentPostprocessing = 0;
		};
		BC7B84DA2E134DCC00BEB3F1 /* Resources */ = {
			isa = PBXResourcesBuildPhase;
			buildActionMask = 2147483647;
			files = (
			);
			runOnlyForDeploymentPostprocessing = 0;
		};
/* End PBXResourcesBuildPhase section */

/* Begin PBXSourcesBuildPhase section */
		BC7B84C02E134DCA00BEB3F1 /* Sources */ = {
			isa = PBXSourcesBuildPhase;
			buildActionMask = 2147483647;
			files = (
			);
			runOnlyForDeploymentPostprocessing = 0;
		};
		BC7B84CE2E134DCC00BEB3F1 /* Sources */ = {
			isa = PBXSourcesBuildPhase;
			buildActionMask = 2147483647;
			files = (
			);
			runOnlyForDeploymentPostprocessing = 0;
		};
		BC7B84D82E134DCC00BEB3F1 /* Sources */ = {
			isa = PBXSourcesBuildPhase;
			buildActionMask = 2147483647;
			files = (
			);
			runOnlyForDeploymentPostprocessing = 0;
		};
/* End PBXSourcesBuildPhase section */

/* Begin PBXTargetDependency section */
		BC7B84D42E134DCC00BEB3F1 /* PBXTargetDependency */ = {
			isa = PBXTargetDependency;
			target = BC7B84C32E134DCA00BEB3F1 /* Nasa_Astronomy */;
			targetProxy = BC7B84D32E134DCC00BEB3F1 /* PBXContainerItemProxy */;
		};
		BC7B84DE2E134DCC00BEB3F1 /* PBXTargetDependency */ = {
			isa = PBXTargetDependency;
			target = BC7B84C32E134DCA00BEB3F1 /* Nasa_Astronomy */;
			targetProxy = BC7B84DD2E134DCC00BEB3F1 /* PBXContainerItemProxy */;
		};
/* End PBXTargetDependency section */

/* Begin XCBuildConfiguration section */
		BC7B84E42E134DCC00BEB3F1 /* Debug */ = {
			isa = XCBuildConfiguration;
			buildSettings = {
				ALWAYS_SEARCH_USER_PATHS = NO;
				ASSETCATALOG_COMPILER_GENERATE_SWIFT_ASSET_SYMBOL_EXTENSIONS = YES;
				CLANG_ANALYZER_NONNULL = YES;
				CLANG_ANALYZER_NUMBER_OBJECT_CONVERSION = YES_AGGRESSIVE;
				CLANG_CXX_LANGUAGE_STANDARD = "gnu++20";
				CLANG_ENABLE_MODULES = YES;
				CLANG_ENABLE_OBJC_ARC = YES;
				CLANG_ENABLE_OBJC_WEAK = YES;
				CLANG_WARN_BLOCK_CAPTURE_AUTORELEASING = YES;
				CLANG_WARN_BOOL_CONVERSION = YES;
				CLANG_WARN_COMMA = YES;
				CLANG_WARN_CONSTANT_CONVERSION = YES;
				CLANG_WARN_DEPRECATED_OBJC_IMPLEMENTATIONS = YES;
				CLANG_WARN_DIRECT_OBJC_ISA_USAGE = YES_ERROR;
				CLANG_WARN_DOCUMENTATION_COMMENTS = YES;
				CLANG_WARN_EMPTY_BODY = YES;
				CLANG_WARN_ENUM_CONVERSION = YES;
				CLANG_WARN_INFINITE_RECURSION = YES;
				CLANG_WARN_INT_CONVERSION = YES;
				CLANG_WARN_NON_LITERAL_NULL_CONVERSION = YES;
				CLANG_WARN_OBJC_IMPLICIT_RETAIN_SELF = YES;
				CLANG_WARN_OBJC_LITERAL_CONVERSION = YES;
				CLANG_WARN_OBJC_ROOT_CLASS = YES_ERROR;
				CLANG_WARN_QUOTED_INCLUDE_IN_FRAMEWORK_HEADER = YES;
				CLANG_WARN_RANGE_LOOP_ANALYSIS = YES;
				CLANG_WARN_STRICT_PROTOTYPES = YES;
				CLANG_WARN_SUSPICIOUS_MOVE = YES;
				CLANG_WARN_UNGUARDED_AVAILABILITY = YES_AGGRESSIVE;
				CLANG_WARN_UNREACHABLE_CODE = YES;
				CLANG_WARN__DUPLICATE_METHOD_MATCH = YES;
				COPY_PHASE_STRIP = NO;
				DEBUG_INFORMATION_FORMAT = dwarf;
				ENABLE_STRICT_OBJC_MSGSEND = YES;
				ENABLE_TESTABILITY = YES;
				ENABLE_USER_SCRIPT_SANDBOXING = YES;
				GCC_C_LANGUAGE_STANDARD = gnu17;
				GCC_DYNAMIC_NO_PIC = NO;
				GCC_NO_COMMON_BLOCKS = YES;
				GCC_OPTIMIZATION_LEVEL = 0;
				GCC_PREPROCESSOR_DEFINITIONS = (
					"DEBUG=1",
					"$(inherited)",
				);
				GCC_WARN_64_TO_32_BIT_CONVERSION = YES;
				GCC_WARN_ABOUT_RETURN_TYPE = YES_ERROR;
				GCC_WARN_UNDECLARED_SELECTOR = YES;
				GCC_WARN_UNINITIALIZED_AUTOS = YES_AGGRESSIVE;
				GCC_WARN_UNUSED_FUNCTION = YES;
				GCC_WARN_UNUSED_VARIABLE = YES;
				LOCALIZATION_PREFERS_STRING_CATALOGS = YES;
				MTL_ENABLE_DEBUG_INFO = INCLUDE_SOURCE;
				MTL_FAST_MATH = YES;
				ONLY_ACTIVE_ARCH = YES;
				SWIFT_ACTIVE_COMPILATION_CONDITIONS = "DEBUG $(inherited)";
				SWIFT_OPTIMIZATION_LEVEL = "-Onone";
			};
			name = Debug;
		};
		BC7B84E52E134DCC00BEB3F1 /* Release */ = {
			isa = XCBuildConfiguration;
			buildSettings = {
				ALWAYS_SEARCH_USER_PATHS = NO;
				ASSETCATALOG_COMPILER_GENERATE_SWIFT_ASSET_SYMBOL_EXTENSIONS = YES;
				CLANG_ANALYZER_NONNULL = YES;
				CLANG_ANALYZER_NUMBER_OBJECT_CONVERSION = YES_AGGRESSIVE;
				CLANG_CXX_LANGUAGE_STANDARD = "gnu++20";
				CLANG_ENABLE_MODULES = YES;
				CLANG_ENABLE_OBJC_ARC = YES;
				CLANG_ENABLE_OBJC_WEAK = YES;
				CLANG_WARN_BLOCK_CAPTURE_AUTORELEASING = YES;
				CLANG_WARN_BOOL_CONVERSION = YES;
				CLANG_WARN_COMMA = YES;
				CLANG_WARN_CONSTANT_CONVERSION = YES;
				CLANG_WARN_DEPRECATED_OBJC_IMPLEMENTATIONS = YES;
				CLANG_WARN_DIRECT_OBJC_ISA_USAGE = YES_ERROR;
				CLANG_WARN_DOCUMENTATION_COMMENTS = YES;
				CLANG_WARN_EMPTY_BODY = YES;
				CLANG_WARN_ENUM_CONVERSION = YES;
				CLANG_WARN_INFINITE_RECURSION = YES;
				CLANG_WARN_INT_CONVERSION = YES;
				CLANG_WARN_NON_LITERAL_NULL_CONVERSION = YES;
				CLANG_WARN_OBJC_IMPLICIT_RETAIN_SELF = YES;
				CLANG_WARN_OBJC_LITERAL_CONVERSION = YES;
				CLANG_WARN_OBJC_ROOT_CLASS = YES_ERROR;
				CLANG_WARN_QUOTED_INCLUDE_IN_FRAMEWORK_HEADER = YES;
				CLANG_WARN_RANGE_LOOP_ANALYSIS = YES;
				CLANG_WARN_STRICT_PROTOTYPES = YES;
				CLANG_WARN_SUSPICIOUS_MOVE = YES;
				CLANG_WARN_UNGUARDED_AVAILABILITY = YES_AGGRESSIVE;
				CLANG_WARN_UNREACHABLE_CODE = YES;
				CLANG_WARN__DUPLICATE_METHOD_MATCH = YES;
				COPY_PHASE_STRIP = NO;
				DEBUG_INFORMATION_FORMAT = "dwarf-with-dsym";
				ENABLE_NS_ASSERTIONS = NO;
				ENABLE_STRICT_OBJC_MSGSEND = YES;
				ENABLE_USER_SCRIPT_SANDBOXING = YES;
				GCC_C_LANGUAGE_STANDARD = gnu17;
				GCC_NO_COMMON_BLOCKS = YES;
				GCC_WARN_64_TO_32_BIT_CONVERSION = YES;
				GCC_WARN_ABOUT_RETURN_TYPE = YES_ERROR;
				GCC_WARN_UNDECLARED_SELECTOR = YES;
				GCC_WARN_UNINITIALIZED_AUTOS = YES_AGGRESSIVE;
				GCC_WARN_UNUSED_FUNCTION = YES;
				GCC_WARN_UNUSED_VARIABLE = YES;
				LOCALIZATION_PREFERS_STRING_CATALOGS = YES;
				MTL_ENABLE_DEBUG_INFO = NO;
				MTL_FAST_MATH = YES;
				SWIFT_COMPILATION_MODE = wholemodule;
			};
			name = Release;
		};
		BC7B84E72E134DCC00BEB3F1 /* Debug */ = {
			isa = XCBuildConfiguration;
			buildSettings = {
				ASSETCATALOG_COMPILER_APPICON_NAME = AppIcon;
				ASSETCATALOG_COMPILER_GLOBAL_ACCENT_COLOR_NAME = AccentColor;
				CODE_SIGN_ENTITLEMENTS = Nasa_Astronomy/Nasa_Astronomy.entitlements;
				CODE_SIGN_STYLE = Automatic;
				CURRENT_PROJECT_VERSION = 1;
				ENABLE_PREVIEWS = YES;
				GENERATE_INFOPLIST_FILE = YES;
				INFOPLIST_FILE = "Nasa-Astronomy-Info.plist";
				"INFOPLIST_KEY_UIApplicationSceneManifest_Generation[sdk=iphoneos*]" = YES;
				"INFOPLIST_KEY_UIApplicationSceneManifest_Generation[sdk=iphonesimulator*]" = YES;
				"INFOPLIST_KEY_UIApplicationSupportsIndirectInputEvents[sdk=iphoneos*]" = YES;
				"INFOPLIST_KEY_UIApplicationSupportsIndirectInputEvents[sdk=iphonesimulator*]" = YES;
				"INFOPLIST_KEY_UILaunchScreen_Generation[sdk=iphoneos*]" = YES;
				"INFOPLIST_KEY_UILaunchScreen_Generation[sdk=iphonesimulator*]" = YES;
				"INFOPLIST_KEY_UIStatusBarStyle[sdk=iphoneos*]" = UIStatusBarStyleDefault;
				"INFOPLIST_KEY_UIStatusBarStyle[sdk=iphonesimulator*]" = UIStatusBarStyleDefault;
				INFOPLIST_KEY_UISupportedInterfaceOrientations_iPad = "UIInterfaceOrientationPortrait UIInterfaceOrientationPortraitUpsideDown UIInterfaceOrientationLandscapeLeft UIInterfaceOrientationLandscapeRight";
				INFOPLIST_KEY_UISupportedInterfaceOrientations_iPhone = "UIInterfaceOrientationPortrait UIInterfaceOrientationLandscapeLeft UIInterfaceOrientationLandscapeRight";
				IPHONEOS_DEPLOYMENT_TARGET = 18.5;
				LD_RUNPATH_SEARCH_PATHS = "@executable_path/Frameworks";
				"LD_RUNPATH_SEARCH_PATHS[sdk=macosx*]" = "@executable_path/../Frameworks";
				MACOSX_DEPLOYMENT_TARGET = 15.5;
				MARKETING_VERSION = 1.0;
				PRODUCT_BUNDLE_IDENTIFIER = "Ankit-Deshwal.Nasa-Astronomy";
				PRODUCT_NAME = "$(TARGET_NAME)";
				REGISTER_APP_GROUPS = YES;
				SDKROOT = auto;
				SUPPORTED_PLATFORMS = "iphoneos iphonesimulator macosx xros xrsimulator";
				SWIFT_EMIT_LOC_STRINGS = YES;
				SWIFT_VERSION = 5.0;
				TARGETED_DEVICE_FAMILY = "1,2,7";
				XROS_DEPLOYMENT_TARGET = 2.5;
			};
			name = Debug;
		};
		BC7B84E82E134DCC00BEB3F1 /* Release */ = {
			isa = XCBuildConfiguration;
			buildSettings = {
				ASSETCATALOG_COMPILER_APPICON_NAME = AppIcon;
				ASSETCATALOG_COMPILER_GLOBAL_ACCENT_COLOR_NAME = AccentColor;
				CODE_SIGN_ENTITLEMENTS = Nasa_Astronomy/Nasa_Astronomy.entitlements;
				CODE_SIGN_STYLE = Automatic;
				CURRENT_PROJECT_VERSION = 1;
				ENABLE_PREVIEWS = YES;
				GENERATE_INFOPLIST_FILE = YES;
				INFOPLIST_FILE = "Nasa-Astronomy-Info.plist";
				"INFOPLIST_KEY_UIApplicationSceneManifest_Generation[sdk=iphoneos*]" = YES;
				"INFOPLIST_KEY_UIApplicationSceneManifest_Generation[sdk=iphonesimulator*]" = YES;
				"INFOPLIST_KEY_UIApplicationSupportsIndirectInputEvents[sdk=iphoneos*]" = YES;
				"INFOPLIST_KEY_UIApplicationSupportsIndirectInputEvents[sdk=iphonesimulator*]" = YES;
				"INFOPLIST_KEY_UILaunchScreen_Generation[sdk=iphoneos*]" = YES;
				"INFOPLIST_KEY_UILaunchScreen_Generation[sdk=iphonesimulator*]" = YES;
				"INFOPLIST_KEY_UIStatusBarStyle[sdk=iphoneos*]" = UIStatusBarStyleDefault;
				"INFOPLIST_KEY_UIStatusBarStyle[sdk=iphonesimulator*]" = UIStatusBarStyleDefault;
				INFOPLIST_KEY_UISupportedInterfaceOrientations_iPad = "UIInterfaceOrientationPortrait UIInterfaceOrientationPortraitUpsideDown UIInterfaceOrientationLandscapeLeft UIInterfaceOrientationLandscapeRight";
				INFOPLIST_KEY_UISupportedInterfaceOrientations_iPhone = "UIInterfaceOrientationPortrait UIInterfaceOrientationLandscapeLeft UIInterfaceOrientationLandscapeRight";
				IPHONEOS_DEPLOYMENT_TARGET = 18.5;
				LD_RUNPATH_SEARCH_PATHS = "@executable_path/Frameworks";
				"LD_RUNPATH_SEARCH_PATHS[sdk=macosx*]" = "@executable_path/../Frameworks";
				MACOSX_DEPLOYMENT_TARGET = 15.5;
				MARKETING_VERSION = 1.0;
				PRODUCT_BUNDLE_IDENTIFIER = "Ankit-Deshwal.Nasa-Astronomy";
				PRODUCT_NAME = "$(TARGET_NAME)";
				REGISTER_APP_GROUPS = YES;
				SDKROOT = auto;
				SUPPORTED_PLATFORMS = "iphoneos iphonesimulator macosx xros xrsimulator";
				SWIFT_EMIT_LOC_STRINGS = YES;
				SWIFT_VERSION = 5.0;
				TARGETED_DEVICE_FAMILY = "1,2,7";
				XROS_DEPLOYMENT_TARGET = 2.5;
			};
			name = Release;
		};
		BC7B84EA2E134DCC00BEB3F1 /* Debug */ = {
			isa = XCBuildConfiguration;
			buildSettings = {
				BUNDLE_LOADER = "$(TEST_HOST)";
				CODE_SIGN_STYLE = Automatic;
				CURRENT_PROJECT_VERSION = 1;
				GENERATE_INFOPLIST_FILE = YES;
				IPHONEOS_DEPLOYMENT_TARGET = 18.5;
				MACOSX_DEPLOYMENT_TARGET = 15.5;
				MARKETING_VERSION = 1.0;
				PRODUCT_BUNDLE_IDENTIFIER = "Ankit-Deshwal.Nasa-AstronomyTests";
				PRODUCT_NAME = "$(TARGET_NAME)";
				SDKROOT = auto;
				SUPPORTED_PLATFORMS = "iphoneos iphonesimulator macosx xros xrsimulator";
				SWIFT_EMIT_LOC_STRINGS = NO;
				SWIFT_VERSION = 5.0;
				TARGETED_DEVICE_FAMILY = "1,2,7";
				TEST_HOST = "$(BUILT_PRODUCTS_DIR)/Nasa_Astronomy.app/$(BUNDLE_EXECUTABLE_FOLDER_PATH)/Nasa_Astronomy";
				XROS_DEPLOYMENT_TARGET = 2.5;
			};
			name = Debug;
		};
		BC7B84EB2E134DCC00BEB3F1 /* Release */ = {
			isa = XCBuildConfiguration;
			buildSettings = {
				BUNDLE_LOADER = "$(TEST_HOST)";
				CODE_SIGN_STYLE = Automatic;
				CURRENT_PROJECT_VERSION = 1;
				GENERATE_INFOPLIST_FILE = YES;
				IPHONEOS_DEPLOYMENT_TARGET = 18.5;
				MACOSX_DEPLOYMENT_TARGET = 15.5;
				MARKETING_VERSION = 1.0;
				PRODUCT_BUNDLE_IDENTIFIER = "Ankit-Deshwal.Nasa-AstronomyTests";
				PRODUCT_NAME = "$(TARGET_NAME)";
				SDKROOT = auto;
				SUPPORTED_PLATFORMS = "iphoneos iphonesimulator macosx xros xrsimulator";
				SWIFT_EMIT_LOC_STRINGS = NO;
				SWIFT_VERSION = 5.0;
				TARGETED_DEVICE_FAMILY = "1,2,7";
				TEST_HOST = "$(BUILT_PRODUCTS_DIR)/Nasa_Astronomy.app/$(BUNDLE_EXECUTABLE_FOLDER_PATH)/Nasa_Astronomy";
				XROS_DEPLOYMENT_TARGET = 2.5;
			};
			name = Release;
		};
		BC7B84ED2E134DCC00BEB3F1 /* Debug */ = {
			isa = XCBuildConfiguration;
			buildSettings = {
				CODE_SIGN_STYLE = Automatic;
				CURRENT_PROJECT_VERSION = 1;
				GENERATE_INFOPLIST_FILE = YES;
				IPHONEOS_DEPLOYMENT_TARGET = 18.5;
				MACOSX_DEPLOYMENT_TARGET = 15.5;
				MARKETING_VERSION = 1.0;
				PRODUCT_BUNDLE_IDENTIFIER = "Ankit-Deshwal.Nasa-AstronomyUITests";
				PRODUCT_NAME = "$(TARGET_NAME)";
				SDKROOT = auto;
				SUPPORTED_PLATFORMS = "iphoneos iphonesimulator macosx xros xrsimulator";
				SWIFT_EMIT_LOC_STRINGS = NO;
				SWIFT_VERSION = 5.0;
				TARGETED_DEVICE_FAMILY = "1,2,7";
				TEST_TARGET_NAME = Nasa_Astronomy;
				XROS_DEPLOYMENT_TARGET = 2.5;
			};
			name = Debug;
		};
		BC7B84EE2E134DCC00BEB3F1 /* Release */ = {
			isa = XCBuildConfiguration;
			buildSettings = {
				CODE_SIGN_STYLE = Automatic;
				CURRENT_PROJECT_VERSION = 1;
				GENERATE_INFOPLIST_FILE = YES;
				IPHONEOS_DEPLOYMENT_TARGET = 18.5;
				MACOSX_DEPLOYMENT_TARGET = 15.5;
				MARKETING_VERSION = 1.0;
				PRODUCT_BUNDLE_IDENTIFIER = "Ankit-Deshwal.Nasa-AstronomyUITests";
				PRODUCT_NAME = "$(TARGET_NAME)";
				SDKROOT = auto;
				SUPPORTED_PLATFORMS = "iphoneos iphonesimulator macosx xros xrsimulator";
				SWIFT_EMIT_LOC_STRINGS = NO;
				SWIFT_VERSION = 5.0;
				TARGETED_DEVICE_FAMILY = "1,2,7";
				TEST_TARGET_NAME = Nasa_Astronomy;
				XROS_DEPLOYMENT_TARGET = 2.5;
			};
			name = Release;
		};
/* End XCBuildConfiguration section */

/* Begin XCConfigurationList section */
		BC7B84BF2E134DCA00BEB3F1 /* Build configuration list for PBXProject "Nasa_Astronomy" */ = {
			isa = XCConfigurationList;
			buildConfigurations = (
				BC7B84E42E134DCC00BEB3F1 /* Debug */,
				BC7B84E52E134DCC00BEB3F1 /* Release */,
			);
			defaultConfigurationIsVisible = 0;
			defaultConfigurationName = Release;
		};
		BC7B84E62E134DCC00BEB3F1 /* Build configuration list for PBXNativeTarget "Nasa_Astronomy" */ = {
			isa = XCConfigurationList;
			buildConfigurations = (
				BC7B84E72E134DCC00BEB3F1 /* Debug */,
				BC7B84E82E134DCC00BEB3F1 /* Release */,
			);
			defaultConfigurationIsVisible = 0;
			defaultConfigurationName = Release;
		};
		BC7B84E92E134DCC00BEB3F1 /* Build configuration list for PBXNativeTarget "Nasa_AstronomyTests" */ = {
			isa = XCConfigurationList;
			buildConfigurations = (
				BC7B84EA2E134DCC00BEB3F1 /* Debug */,
				BC7B84EB2E134DCC00BEB3F1 /* Release */,
			);
			defaultConfigurationIsVisible = 0;
			defaultConfigurationName = Release;
		};
		BC7B84EC2E134DCC00BEB3F1 /* Build configuration list for PBXNativeTarget "Nasa_AstronomyUITests" */ = {
			isa = XCConfigurationList;
			buildConfigurations = (
				BC7B84ED2E134DCC00BEB3F1 /* Debug */,
				BC7B84EE2E134DCC00BEB3F1 /* Release */,
			);
			defaultConfigurationIsVisible = 0;
			defaultConfigurationName = Release;
		};
/* End XCConfigurationList section */
	};
	rootObject = BC7B84BC2E134DCA00BEB3F1 /* Project object */;
}
